
Microsoft Visual Studio Solution File, Format Version 12.00
# Visual Studio Version 18
VisualStudioVersion = 18.0.11201.2 d18.0
MinimumVisualStudioVersion = 10.0.40219.1
Project("{FAE04EC0-301F-11D3-BF4B-00C04F79EFBC}") = "ServerApp1.Stories", "ServerApp1.Stories.csproj", "{0F59AF28-E0BD-46D7-AD17-2D4D27CCD9A3}"
EndProject
Global
	GlobalSection(SolutionConfigurationPlatforms) = preSolution
		Debug|Any CPU = Debug|Any CPU
		Release|Any CPU = Release|Any CPU
	EndGlobalSection
	GlobalSection(ProjectConfigurationPlatforms) = postSolution
		{0F59AF28-E0BD-46D7-AD17-2D4D27CCD9A3}.Debug|Any CPU.ActiveCfg = Debug|Any CPU
		{0F59AF28-E0BD-46D7-AD17-2D4D27CCD9A3}.Debug|Any CPU.Build.0 = Debug|Any CPU
		{0F59AF28-E0BD-46D7-AD17-2D4D27CCD9A3}.Release|Any CPU.ActiveCfg = Release|Any CPU
		{0F59AF28-E0BD-46D7-AD17-2D4D27CCD9A3}.Release|Any CPU.Build.0 = Release|Any CPU
	EndGlobalSection
	GlobalSection(SolutionProperties) = preSolution
		HideSolutionNode = FALSE
	EndGlobalSection
	GlobalSection(ExtensibilityGlobals) = postSolution
		SolutionGuid = {336F1094-9BE8-4FEB-B6A1-49F0BDC6D4AA}
	EndGlobalSection
EndGlobal
